
Microsoft Visual Studio Solution File, Format Version 12.00
# Visual Studio 15
VisualStudioVersion = 15.0.28307.168
MinimumVisualStudioVersion = 10.0.40219.1
Project("{FAE04EC0-301F-11D3-BF4B-00C04F79EFBC}") = "App9.Android", "App9\App9.Android\App9.Android.csproj", "{87B3D2D5-85C0-46C9-B46F-F89D968E295A}"
EndProject
Project("{FAE04EC0-301F-11D3-BF4B-00C04F79EFBC}") = "App9.iOS", "App9\App9.iOS\App9.iOS.csproj", "{C803547B-7FF8-4BA3-BEE8-BE364B1A1637}"
EndProject
Project("{FAE04EC0-301F-11D3-BF4B-00C04F79EFBC}") = "App9.UWP", "App9\App9.UWP\App9.UWP.csproj", "{619F8CFE-974C-41F2-B8C3-C2034865DC18}"
EndProject
Project("{FAE04EC0-301F-11D3-BF4B-00C04F79EFBC}") = "App9", "App9\App9\App9.csproj", "{FA91955C-2068-4D2C-B695-F17C49CA6EAD}"
EndProject
Global
	GlobalSection(SolutionConfigurationPlatforms) = preSolution
		Ad-Hoc|Any CPU = Ad-Hoc|Any CPU
		Ad-Hoc|ARM = Ad-Hoc|ARM
		Ad-Hoc|iPhone = Ad-Hoc|iPhone
		Ad-Hoc|iPhoneSimulator = Ad-Hoc|iPhoneSimulator
		Ad-Hoc|x64 = Ad-Hoc|x64
		Ad-Hoc|x86 = Ad-Hoc|x86
		AppStore|Any CPU = AppStore|Any CPU
		AppStore|ARM = AppStore|ARM
		AppStore|iPhone = AppStore|iPhone
		AppStore|iPhoneSimulator = AppStore|iPhoneSimulator
		AppStore|x64 = AppStore|x64
		AppStore|x86 = AppStore|x86
		Debug|Any CPU = Debug|Any CPU
		Debug|ARM = Debug|ARM
		Debug|iPhone = Debug|iPhone
		Debug|iPhoneSimulator = Debug|iPhoneSimulator
		Debug|x64 = Debug|x64
		Debug|x86 = Debug|x86
		Release|Any CPU = Release|Any CPU
		Release|ARM = Release|ARM
		Release|iPhone = Release|iPhone
		Release|iPhoneSimulator = Release|iPhoneSimulator
		Release|x64 = Release|x64
		Release|x86 = Release|x86
	EndGlobalSection
	GlobalSection(ProjectConfigurationPlatforms) = postSolution
		{87B3D2D5-85C0-46C9-B46F-F89D968E295A}.Ad-Hoc|Any CPU.ActiveCfg = Release|Any CPU
		{87B3D2D5-85C0-46C9-B46F-F89D968E295A}.Ad-Hoc|Any CPU.Build.0 = Release|Any CPU
		{87B3D2D5-85C0-46C9-B46F-F89D968E295A}.Ad-Hoc|Any CPU.Deploy.0 = Release|Any CPU
		{87B3D2D5-85C0-46C9-B46F-F89D968E295A}.Ad-Hoc|ARM.ActiveCfg = Release|Any CPU
		{87B3D2D5-85C0-46C9-B46F-F89D968E295A}.Ad-Hoc|ARM.Build.0 = Release|Any CPU
		{87B3D2D5-85C0-46C9-B46F-F89D968E295A}.Ad-Hoc|ARM.Deploy.0 = Release|Any CPU
		{87B3D2D5-85C0-46C9-B46F-F89D968E295A}.Ad-Hoc|iPhone.ActiveCfg = Release|Any CPU
		{87B3D2D5-85C0-46C9-B46F-F89D968E295A}.Ad-Hoc|iPhone.Build.0 = Release|Any CPU
		{87B3D2D5-85C0-46C9-B46F-F89D968E295A}.Ad-Hoc|iPhone.Deploy.0 = Release|Any CPU
		{87B3D2D5-85C0-46C9-B46F-F89D968E295A}.Ad-Hoc|iPhoneSimulator.ActiveCfg = Release|Any CPU
		{87B3D2D5-85C0-46C9-B46F-F89D968E295A}.Ad-Hoc|iPhoneSimulator.Build.0 = Release|Any CPU
		{87B3D2D5-85C0-46C9-B46F-F89D968E295A}.Ad-Hoc|iPhoneSimulator.Deploy.0 = Release|Any CPU
		{87B3D2D5-85C0-46C9-B46F-F89D968E295A}.Ad-Hoc|x64.ActiveCfg = Release|Any CPU
		{87B3D2D5-85C0-46C9-B46F-F89D968E295A}.Ad-Hoc|x64.Build.0 = Release|Any CPU
		{87B3D2D5-85C0-46C9-B46F-F89D968E295A}.Ad-Hoc|x64.Deploy.0 = Release|Any CPU
		{87B3D2D5-85C0-46C9-B46F-F89D968E295A}.Ad-Hoc|x86.ActiveCfg = Release|Any CPU
		{87B3D2D5-85C0-46C9-B46F-F89D968E295A}.Ad-Hoc|x86.Build.0 = Release|Any CPU
		{87B3D2D5-85C0-46C9-B46F-F89D968E295A}.Ad-Hoc|x86.Deploy.0 = Release|Any CPU
		{87B3D2D5-85C0-46C9-B46F-F89D968E295A}.AppStore|Any CPU.ActiveCfg = Release|Any CPU
		{87B3D2D5-85C0-46C9-B46F-F89D968E295A}.AppStore|Any CPU.Build.0 = Release|Any CPU
		{87B3D2D5-85C0-46C9-B46F-F89D968E295A}.AppStore|Any CPU.Deploy.0 = Release|Any CPU
		{87B3D2D5-85C0-46C9-B46F-F89D968E295A}.AppStore|ARM.ActiveCfg = Release|Any CPU
		{87B3D2D5-85C0-46C9-B46F-F89D968E295A}.AppStore|ARM.Build.0 = Release|Any CPU
		{87B3D2D5-85C0-46C9-B46F-F89D968E295A}.AppStore|ARM.Deploy.0 = Release|Any CPU
		{87B3D2D5-85C0-46C9-B46F-F89D968E295A}.AppStore|iPhone.ActiveCfg = Release|Any CPU
		{87B3D2D5-85C0-46C9-B46F-F89D968E295A}.AppStore|iPhone.Build.0 = Release|Any CPU
		{87B3D2D5-85C0-46C9-B46F-F89D968E295A}.AppStore|iPhone.Deploy.0 = Release|Any CPU
		{87B3D2D5-85C0-46C9-B46F-F89D968E295A}.AppStore|iPhoneSimulator.ActiveCfg = Release|Any CPU
		{87B3D2D5-85C0-46C9-B46F-F89D968E295A}.AppStore|iPhoneSimulator.Build.0 = Release|Any CPU
		{87B3D2D5-85C0-46C9-B46F-F89D968E295A}.AppStore|iPhoneSimulator.Deploy.0 = Release|Any CPU
		{87B3D2D5-85C0-46C9-B46F-F89D968E295A}.AppStore|x64.ActiveCfg = Release|Any CPU
		{87B3D2D5-85C0-46C9-B46F-F89D968E295A}.AppStore|x64.Build.0 = Release|Any CPU
		{87B3D2D5-85C0-46C9-B46F-F89D968E295A}.AppStore|x64.Deploy.0 = Release|Any CPU
		{87B3D2D5-85C0-46C9-B46F-F89D968E295A}.AppStore|x86.ActiveCfg = Release|Any CPU
		{87B3D2D5-85C0-46C9-B46F-F89D968E295A}.AppStore|x86.Build.0 = Release|Any CPU
		{87B3D2D5-85C0-46C9-B46F-F89D968E295A}.AppStore|x86.Deploy.0 = Release|Any CPU
		{87B3D2D5-85C0-46C9-B46F-F89D968E295A}.Debug|Any CPU.ActiveCfg = Debug|Any CPU
		{87B3D2D5-85C0-46C9-B46F-F89D968E295A}.Debug|Any CPU.Build.0 = Debug|Any CPU
		{87B3D2D5-85C0-46C9-B46F-F89D968E295A}.Debug|Any CPU.Deploy.0 = Debug|Any CPU
		{87B3D2D5-85C0-46C9-B46F-F89D968E295A}.Debug|ARM.ActiveCfg = Debug|Any CPU
		{87B3D2D5-85C0-46C9-B46F-F89D968E295A}.Debug|ARM.Build.0 = Debug|Any CPU
		{87B3D2D5-85C0-46C9-B46F-F89D968E295A}.Debug|ARM.Deploy.0 = Debug|Any CPU
		{87B3D2D5-85C0-46C9-B46F-F89D968E295A}.Debug|iPhone.ActiveCfg = Debug|Any CPU
		{87B3D2D5-85C0-46C9-B46F-F89D968E295A}.Debug|iPhone.Build.0 = Debug|Any CPU
		{87B3D2D5-85C0-46C9-B46F-F89D968E295A}.Debug|iPhone.Deploy.0 = Debug|Any CPU
		{87B3D2D5-85C0-46C9-B46F-F89D968E295A}.Debug|iPhoneSimulator.ActiveCfg = Debug|Any CPU
		{87B3D2D5-85C0-46C9-B46F-F89D968E295A}.Debug|iPhoneSimulator.Build.0 = Debug|Any CPU
		{87B3D2D5-85C0-46C9-B46F-F89D968E295A}.Debug|iPhoneSimulator.Deploy.0 = Debug|Any CPU
		{87B3D2D5-85C0-46C9-B46F-F89D968E295A}.Debug|x64.ActiveCfg = Debug|Any CPU
		{87B3D2D5-85C0-46C9-B46F-F89D968E295A}.Debug|x64.Build.0 = Debug|Any CPU
		{87B3D2D5-85C0-46C9-B46F-F89D968E295A}.Debug|x64.Deploy.0 = Debug|Any CPU
		{87B3D2D5-85C0-46C9-B46F-F89D968E295A}.Debug|x86.ActiveCfg = Debug|Any CPU
		{87B3D2D5-85C0-46C9-B46F-F89D968E295A}.Debug|x86.Build.0 = Debug|Any CPU
		{87B3D2D5-85C0-46C9-B46F-F89D968E295A}.Debug|x86.Deploy.0 = Debug|Any CPU
		{87B3D2D5-85C0-46C9-B46F-F89D968E295A}.Release|Any CPU.ActiveCfg = Release|Any CPU
		{87B3D2D5-85C0-46C9-B46F-F89D968E295A}.Release|Any CPU.Build.0 = Release|Any CPU
		{87B3D2D5-85C0-46C9-B46F-F89D968E295A}.Release|Any CPU.Deploy.0 = Release|Any CPU
		{87B3D2D5-85C0-46C9-B46F-F89D968E295A}.Release|ARM.ActiveCfg = Release|Any CPU
		{87B3D2D5-85C0-46C9-B46F-F89D968E295A}.Release|ARM.Build.0 = Release|Any CPU
		{87B3D2D5-85C0-46C9-B46F-F89D968E295A}.Release|ARM.Deploy.0 = Release|Any CPU
		{87B3D2D5-85C0-46C9-B46F-F89D968E295A}.Release|iPhone.ActiveCfg = Release|Any CPU
		{87B3D2D5-85C0-46C9-B46F-F89D968E295A}.Release|iPhone.Build.0 = Release|Any CPU
		{87B3D2D5-85C0-46C9-B46F-F89D968E295A}.Release|iPhone.Deploy.0 = Release|Any CPU
		{87B3D2D5-85C0-46C9-B46F-F89D968E295A}.Release|iPhoneSimulator.ActiveCfg = Release|Any CPU
		{87B3D2D5-85C0-46C9-B46F-F89D968E295A}.Release|iPhoneSimulator.Build.0 = Release|Any CPU
		{87B3D2D5-85C0-46C9-B46F-F89D968E295A}.Release|iPhoneSimulator.Deploy.0 = Release|Any CPU
		{87B3D2D5-85C0-46C9-B46F-F89D968E295A}.Release|x64.ActiveCfg = Release|Any CPU
		{87B3D2D5-85C0-46C9-B46F-F89D968E295A}.Release|x64.Build.0 = Release|Any CPU
		{87B3D2D5-85C0-46C9-B46F-F89D968E295A}.Release|x64.Deploy.0 = Release|Any CPU
		{87B3D2D5-85C0-46C9-B46F-F89D968E295A}.Release|x86.ActiveCfg = Release|Any CPU
		{87B3D2D5-85C0-46C9-B46F-F89D968E295A}.Release|x86.Build.0 = Release|Any CPU
		{87B3D2D5-85C0-46C9-B46F-F89D968E295A}.Release|x86.Deploy.0 = Release|Any CPU
		{C803547B-7FF8-4BA3-BEE8-BE364B1A1637}.Ad-Hoc|Any CPU.ActiveCfg = Ad-Hoc|iPhone
		{C803547B-7FF8-4BA3-BEE8-BE364B1A1637}.Ad-Hoc|Any CPU.Build.0 = Ad-Hoc|iPhone
		{C803547B-7FF8-4BA3-BEE8-BE364B1A1637}.Ad-Hoc|Any CPU.Deploy.0 = Ad-Hoc|iPhone
		{C803547B-7FF8-4BA3-BEE8-BE364B1A1637}.Ad-Hoc|ARM.ActiveCfg = Ad-Hoc|iPhone
		{C803547B-7FF8-4BA3-BEE8-BE364B1A1637}.Ad-Hoc|ARM.Build.0 = Ad-Hoc|iPhone
		{C803547B-7FF8-4BA3-BEE8-BE364B1A1637}.Ad-Hoc|ARM.Deploy.0 = Ad-Hoc|iPhone
		{C803547B-7FF8-4BA3-BEE8-BE364B1A1637}.Ad-Hoc|iPhone.ActiveCfg = Ad-Hoc|iPhone
		{C803547B-7FF8-4BA3-BEE8-BE364B1A1637}.Ad-Hoc|iPhone.Build.0 = Ad-Hoc|iPhone
		{C803547B-7FF8-4BA3-BEE8-BE364B1A1637}.Ad-Hoc|iPhone.Deploy.0 = Ad-Hoc|iPhone
		{C803547B-7FF8-4BA3-BEE8-BE364B1A1637}.Ad-Hoc|iPhoneSimulator.ActiveCfg = Ad-Hoc|iPhoneSimulator
		{C803547B-7FF8-4BA3-BEE8-BE364B1A1637}.Ad-Hoc|iPhoneSimulator.Build.0 = Ad-Hoc|iPhoneSimulator
		{C803547B-7FF8-4BA3-BEE8-BE364B1A1637}.Ad-Hoc|iPhoneSimulator.Deploy.0 = Ad-Hoc|iPhoneSimulator
		{C803547B-7FF8-4BA3-BEE8-BE364B1A1637}.Ad-Hoc|x64.ActiveCfg = Ad-Hoc|iPhone
		{C803547B-7FF8-4BA3-BEE8-BE364B1A1637}.Ad-Hoc|x64.Build.0 = Ad-Hoc|iPhone
		{C803547B-7FF8-4BA3-BEE8-BE364B1A1637}.Ad-Hoc|x64.Deploy.0 = Ad-Hoc|iPhone
		{C803547B-7FF8-4BA3-BEE8-BE364B1A1637}.Ad-Hoc|x86.ActiveCfg = Ad-Hoc|iPhone
		{C803547B-7FF8-4BA3-BEE8-BE364B1A1637}.Ad-Hoc|x86.Build.0 = Ad-Hoc|iPhone
		{C803547B-7FF8-4BA3-BEE8-BE364B1A1637}.Ad-Hoc|x86.Deploy.0 = Ad-Hoc|iPhone
		{C803547B-7FF8-4BA3-BEE8-BE364B1A1637}.AppStore|Any CPU.ActiveCfg = AppStore|iPhone
		{C803547B-7FF8-4BA3-BEE8-BE364B1A1637}.AppStore|Any CPU.Build.0 = AppStore|iPhone
		{C803547B-7FF8-4BA3-BEE8-BE364B1A1637}.AppStore|Any CPU.Deploy.0 = AppStore|iPhone
		{C803547B-7FF8-4BA3-BEE8-BE364B1A1637}.AppStore|ARM.ActiveCfg = AppStore|iPhone
		{C803547B-7FF8-4BA3-BEE8-BE364B1A1637}.AppStore|ARM.Build.0 = AppStore|iPhone
		{C803547B-7FF8-4BA3-BEE8-BE364B1A1637}.AppStore|ARM.Deploy.0 = AppStore|iPhone
		{C803547B-7FF8-4BA3-BEE8-BE364B1A1637}.AppStore|iPhone.ActiveCfg = AppStore|iPhone
		{C803547B-7FF8-4BA3-BEE8-BE364B1A1637}.AppStore|iPhone.Build.0 = AppStore|iPhone
		{C803547B-7FF8-4BA3-BEE8-BE364B1A1637}.AppStore|iPhone.Deploy.0 = AppStore|iPhone
		{C803547B-7FF8-4BA3-BEE8-BE364B1A1637}.AppStore|iPhoneSimulator.ActiveCfg = AppStore|iPhoneSimulator
		{C803547B-7FF8-4BA3-BEE8-BE364B1A1637}.AppStore|iPhoneSimulator.Build.0 = AppStore|iPhoneSimulator
		{C803547B-7FF8-4BA3-BEE8-BE364B1A1637}.AppStore|iPhoneSimulator.Deploy.0 = AppStore|iPhoneSimulator
		{C803547B-7FF8-4BA3-BEE8-BE364B1A1637}.AppStore|x64.ActiveCfg = AppStore|iPhone
		{C803547B-7FF8-4BA3-BEE8-BE364B1A1637}.AppStore|x64.Build.0 = AppStore|iPhone
		{C803547B-7FF8-4BA3-BEE8-BE364B1A1637}.AppStore|x64.Deploy.0 = AppStore|iPhone
		{C803547B-7FF8-4BA3-BEE8-BE364B1A1637}.AppStore|x86.ActiveCfg = AppStore|iPhone
		{C803547B-7FF8-4BA3-BEE8-BE364B1A1637}.AppStore|x86.Build.0 = AppStore|iPhone
		{C803547B-7FF8-4BA3-BEE8-BE364B1A1637}.AppStore|x86.Deploy.0 = AppStore|iPhone
		{C803547B-7FF8-4BA3-BEE8-BE364B1A1637}.Debug|Any CPU.ActiveCfg = Debug|iPhoneSimulator
		{C803547B-7FF8-4BA3-BEE8-BE364B1A1637}.Debug|Any CPU.Build.0 = Debug|iPhoneSimulator
		{C803547B-7FF8-4BA3-BEE8-BE364B1A1637}.Debug|Any CPU.Deploy.0 = Debug|iPhoneSimulator
		{C803547B-7FF8-4BA3-BEE8-BE364B1A1637}.Debug|ARM.ActiveCfg = Debug|iPhone
		{C803547B-7FF8-4BA3-BEE8-BE364B1A1637}.Debug|ARM.Build.0 = Debug|iPhone
		{C803547B-7FF8-4BA3-BEE8-BE364B1A1637}.Debug|ARM.Deploy.0 = Debug|iPhone
		{C803547B-7FF8-4BA3-BEE8-BE364B1A1637}.Debug|iPhone.ActiveCfg = Debug|iPhone
		{C803547B-7FF8-4BA3-BEE8-BE364B1A1637}.Debug|iPhone.Build.0 = Debug|iPhone
		{C803547B-7FF8-4BA3-BEE8-BE364B1A1637}.Debug|iPhone.Deploy.0 = Debug|iPhone
		{C803547B-7FF8-4BA3-BEE8-BE364B1A1637}.Debug|iPhoneSimulator.ActiveCfg = Debug|iPhoneSimulator
		{C803547B-7FF8-4BA3-BEE8-BE364B1A1637}.Debug|iPhoneSimulator.Build.0 = Debug|iPhoneSimulator
		{C803547B-7FF8-4BA3-BEE8-BE364B1A1637}.Debug|iPhoneSimulator.Deploy.0 = Debug|iPhoneSimulator
		{C803547B-7FF8-4BA3-BEE8-BE364B1A1637}.Debug|x64.ActiveCfg = Debug|iPhone
		{C803547B-7FF8-4BA3-BEE8-BE364B1A1637}.Debug|x64.Build.0 = Debug|iPhone
		{C803547B-7FF8-4BA3-BEE8-BE364B1A1637}.Debug|x64.Deploy.0 = Debug|iPhone
		{C803547B-7FF8-4BA3-BEE8-BE364B1A1637}.Debug|x86.ActiveCfg = Debug|iPhone
		{C803547B-7FF8-4BA3-BEE8-BE364B1A1637}.Debug|x86.Build.0 = Debug|iPhone
		{C803547B-7FF8-4BA3-BEE8-BE364B1A1637}.Debug|x86.Deploy.0 = Debug|iPhone
		{C803547B-7FF8-4BA3-BEE8-BE364B1A1637}.Release|Any CPU.ActiveCfg = Release|iPhone
		{C803547B-7FF8-4BA3-BEE8-BE364B1A1637}.Release|Any CPU.Build.0 = Release|iPhone
		{C803547B-7FF8-4BA3-BEE8-BE364B1A1637}.Release|Any CPU.Deploy.0 = Release|iPhone
		{C803547B-7FF8-4BA3-BEE8-BE364B1A1637}.Release|ARM.ActiveCfg = Release|iPhone
		{C803547B-7FF8-4BA3-BEE8-BE364B1A1637}.Release|ARM.Build.0 = Release|iPhone
		{C803547B-7FF8-4BA3-BEE8-BE364B1A1637}.Release|ARM.Deploy.0 = Release|iPhone
		{C803547B-7FF8-4BA3-BEE8-BE364B1A1637}.Release|iPhone.ActiveCfg = Release|iPhone
		{C803547B-7FF8-4BA3-BEE8-BE364B1A1637}.Release|iPhone.Build.0 = Release|iPhone
		{C803547B-7FF8-4BA3-BEE8-BE364B1A1637}.Release|iPhone.Deploy.0 = Release|iPhone
		{C803547B-7FF8-4BA3-BEE8-BE364B1A1637}.Release|iPhoneSimulator.ActiveCfg = Release|iPhoneSimulator
		{C803547B-7FF8-4BA3-BEE8-BE364B1A1637}.Release|iPhoneSimulator.Build.0 = Release|iPhoneSimulator
		{C803547B-7FF8-4BA3-BEE8-BE364B1A1637}.Release|iPhoneSimulator.Deploy.0 = Release|iPhoneSimulator
		{C803547B-7FF8-4BA3-BEE8-BE364B1A1637}.Release|x64.ActiveCfg = Release|iPhone
		{C803547B-7FF8-4BA3-BEE8-BE364B1A1637}.Release|x64.Build.0 = Release|iPhone
		{C803547B-7FF8-4BA3-BEE8-BE364B1A1637}.Release|x64.Deploy.0 = Release|iPhone
		{C803547B-7FF8-4BA3-BEE8-BE364B1A1637}.Release|x86.ActiveCfg = Release|iPhone
		{C803547B-7FF8-4BA3-BEE8-BE364B1A1637}.Release|x86.Build.0 = Release|iPhone
		{C803547B-7FF8-4BA3-BEE8-BE364B1A1637}.Release|x86.Deploy.0 = Release|iPhone
		{619F8CFE-974C-41F2-B8C3-C2034865DC18}.Ad-Hoc|Any CPU.ActiveCfg = Release|x86
		{619F8CFE-974C-41F2-B8C3-C2034865DC18}.Ad-Hoc|Any CPU.Build.0 = Release|x86
		{619F8CFE-974C-41F2-B8C3-C2034865DC18}.Ad-Hoc|Any CPU.Deploy.0 = Release|x86
		{619F8CFE-974C-41F2-B8C3-C2034865DC18}.Ad-Hoc|ARM.ActiveCfg = Release|ARM
		{619F8CFE-974C-41F2-B8C3-C2034865DC18}.Ad-Hoc|ARM.Build.0 = Release|ARM
		{619F8CFE-974C-41F2-B8C3-C2034865DC18}.Ad-Hoc|ARM.Deploy.0 = Release|ARM
		{619F8CFE-974C-41F2-B8C3-C2034865DC18}.Ad-Hoc|iPhone.ActiveCfg = Release|x86
		{619F8CFE-974C-41F2-B8C3-C2034865DC18}.Ad-Hoc|iPhone.Build.0 = Release|x86
		{619F8CFE-974C-41F2-B8C3-C2034865DC18}.Ad-Hoc|iPhone.Deploy.0 = Release|x86
		{619F8CFE-974C-41F2-B8C3-C2034865DC18}.Ad-Hoc|iPhoneSimulator.ActiveCfg = Release|x86
		{619F8CFE-974C-41F2-B8C3-C2034865DC18}.Ad-Hoc|iPhoneSimulator.Build.0 = Release|x86
		{619F8CFE-974C-41F2-B8C3-C2034865DC18}.Ad-Hoc|iPhoneSimulator.Deploy.0 = Release|x86
		{619F8CFE-974C-41F2-B8C3-C2034865DC18}.Ad-Hoc|x64.ActiveCfg = Release|x64
		{619F8CFE-974C-41F2-B8C3-C2034865DC18}.Ad-Hoc|x64.Build.0 = Release|x64
		{619F8CFE-974C-41F2-B8C3-C2034865DC18}.Ad-Hoc|x64.Deploy.0 = Release|x64
		{619F8CFE-974C-41F2-B8C3-C2034865DC18}.Ad-Hoc|x86.ActiveCfg = Release|x86
		{619F8CFE-974C-41F2-B8C3-C2034865DC18}.Ad-Hoc|x86.Build.0 = Release|x86
		{619F8CFE-974C-41F2-B8C3-C2034865DC18}.Ad-Hoc|x86.Deploy.0 = Release|x86
		{619F8CFE-974C-41F2-B8C3-C2034865DC18}.AppStore|Any CPU.ActiveCfg = Release|x86
		{619F8CFE-974C-41F2-B8C3-C2034865DC18}.AppStore|Any CPU.Build.0 = Release|x86
		{619F8CFE-974C-41F2-B8C3-C2034865DC18}.AppStore|Any CPU.Deploy.0 = Release|x86
		{619F8CFE-974C-41F2-B8C3-C2034865DC18}.AppStore|ARM.ActiveCfg = Release|ARM
		{619F8CFE-974C-41F2-B8C3-C2034865DC18}.AppStore|ARM.Build.0 = Release|ARM
		{619F8CFE-974C-41F2-B8C3-C2034865DC18}.AppStore|ARM.Deploy.0 = Release|ARM
		{619F8CFE-974C-41F2-B8C3-C2034865DC18}.AppStore|iPhone.ActiveCfg = Release|x86
		{619F8CFE-974C-41F2-B8C3-C2034865DC18}.AppStore|iPhone.Build.0 = Release|x86
		{619F8CFE-974C-41F2-B8C3-C2034865DC18}.AppStore|iPhone.Deploy.0 = Release|x86
		{619F8CFE-974C-41F2-B8C3-C2034865DC18}.AppStore|iPhoneSimulator.ActiveCfg = Release|x86
		{619F8CFE-974C-41F2-B8C3-C2034865DC18}.AppStore|iPhoneSimulator.Build.0 = Release|x86
		{619F8CFE-974C-41F2-B8C3-C2034865DC18}.AppStore|iPhoneSimulator.Deploy.0 = Release|x86
		{619F8CFE-974C-41F2-B8C3-C2034865DC18}.AppStore|x64.ActiveCfg = Release|x64
		{619F8CFE-974C-41F2-B8C3-C2034865DC18}.AppStore|x64.Build.0 = Release|x64
		{619F8CFE-974C-41F2-B8C3-C2034865DC18}.AppStore|x64.Deploy.0 = Release|x64
		{619F8CFE-974C-41F2-B8C3-C2034865DC18}.AppStore|x86.ActiveCfg = Release|x86
		{619F8CFE-974C-41F2-B8C3-C2034865DC18}.AppStore|x86.Build.0 = Release|x86
		{619F8CFE-974C-41F2-B8C3-C2034865DC18}.AppStore|x86.Deploy.0 = Release|x86
		{619F8CFE-974C-41F2-B8C3-C2034865DC18}.Debug|Any CPU.ActiveCfg = Debug|x86
		{619F8CFE-974C-41F2-B8C3-C2034865DC18}.Debug|Any CPU.Build.0 = Debug|x86
		{619F8CFE-974C-41F2-B8C3-C2034865DC18}.Debug|Any CPU.Deploy.0 = Debug|x86
		{619F8CFE-974C-41F2-B8C3-C2034865DC18}.Debug|ARM.ActiveCfg = Debug|ARM
		{619F8CFE-974C-41F2-B8C3-C2034865DC18}.Debug|ARM.Build.0 = Debug|ARM
		{619F8CFE-974C-41F2-B8C3-C2034865DC18}.Debug|ARM.Deploy.0 = Debug|ARM
		{619F8CFE-974C-41F2-B8C3-C2034865DC18}.Debug|iPhone.ActiveCfg = Debug|x86
		{619F8CFE-974C-41F2-B8C3-C2034865DC18}.Debug|iPhone.Build.0 = Debug|x86
		{619F8CFE-974C-41F2-B8C3-C2034865DC18}.Debug|iPhone.Deploy.0 = Debug|x86
		{619F8CFE-974C-41F2-B8C3-C2034865DC18}.Debug|iPhoneSimulator.ActiveCfg = Debug|x86
		{619F8CFE-974C-41F2-B8C3-C2034865DC18}.Debug|iPhoneSimulator.Build.0 = Debug|x86
		{619F8CFE-974C-41F2-B8C3-C2034865DC18}.Debug|iPhoneSimulator.Deploy.0 = Debug|x86
		{619F8CFE-974C-41F2-B8C3-C2034865DC18}.Debug|x64.ActiveCfg = Debug|x64
		{619F8CFE-974C-41F2-B8C3-C2034865DC18}.Debug|x64.Build.0 = Debug|x64
		{619F8CFE-974C-41F2-B8C3-C2034865DC18}.Debug|x64.Deploy.0 = Debug|x64
		{619F8CFE-974C-41F2-B8C3-C2034865DC18}.Debug|x86.ActiveCfg = Debug|x86
		{619F8CFE-974C-41F2-B8C3-C2034865DC18}.Debug|x86.Build.0 = Debug|x86
		{619F8CFE-974C-41F2-B8C3-C2034865DC18}.Debug|x86.Deploy.0 = Debug|x86
		{619F8CFE-974C-41F2-B8C3-C2034865DC18}.Release|Any CPU.ActiveCfg = Release|x86
		{619F8CFE-974C-41F2-B8C3-C2034865DC18}.Release|Any CPU.Build.0 = Release|x86
		{619F8CFE-974C-41F2-B8C3-C2034865DC18}.Release|Any CPU.Deploy.0 = Release|x86
		{619F8CFE-974C-41F2-B8C3-C2034865DC18}.Release|ARM.ActiveCfg = Release|ARM
		{619F8CFE-974C-41F2-B8C3-C2034865DC18}.Release|ARM.Build.0 = Release|ARM
		{619F8CFE-974C-41F2-B8C3-C2034865DC18}.Release|ARM.Deploy.0 = Release|ARM
		{619F8CFE-974C-41F2-B8C3-C2034865DC18}.Release|iPhone.ActiveCfg = Release|x86
		{619F8CFE-974C-41F2-B8C3-C2034865DC18}.Release|iPhone.Build.0 = Release|x86
		{619F8CFE-974C-41F2-B8C3-C2034865DC18}.Release|iPhone.Deploy.0 = Release|x86
		{619F8CFE-974C-41F2-B8C3-C2034865DC18}.Release|iPhoneSimulator.ActiveCfg = Release|x86
		{619F8CFE-974C-41F2-B8C3-C2034865DC18}.Release|iPhoneSimulator.Build.0 = Release|x86
		{619F8CFE-974C-41F2-B8C3-C2034865DC18}.Release|iPhoneSimulator.Deploy.0 = Release|x86
		{619F8CFE-974C-41F2-B8C3-C2034865DC18}.Release|x64.ActiveCfg = Release|x64
		{619F8CFE-974C-41F2-B8C3-C2034865DC18}.Release|x64.Build.0 = Release|x64
		{619F8CFE-974C-41F2-B8C3-C2034865DC18}.Release|x64.Deploy.0 = Release|x64
		{619F8CFE-974C-41F2-B8C3-C2034865DC18}.Release|x86.ActiveCfg = Release|x86
		{619F8CFE-974C-41F2-B8C3-C2034865DC18}.Release|x86.Build.0 = Release|x86
		{619F8CFE-974C-41F2-B8C3-C2034865DC18}.Release|x86.Deploy.0 = Release|x86
		{FA91955C-2068-4D2C-B695-F17C49CA6EAD}.Ad-Hoc|Any CPU.ActiveCfg = Debug|Any CPU
		{FA91955C-2068-4D2C-B695-F17C49CA6EAD}.Ad-Hoc|Any CPU.Build.0 = Debug|Any CPU
		{FA91955C-2068-4D2C-B695-F17C49CA6EAD}.Ad-Hoc|Any CPU.Deploy.0 = Debug|Any CPU
		{FA91955C-2068-4D2C-B695-F17C49CA6EAD}.Ad-Hoc|ARM.ActiveCfg = Debug|Any CPU
		{FA91955C-2068-4D2C-B695-F17C49CA6EAD}.Ad-Hoc|ARM.Build.0 = Debug|Any CPU
		{FA91955C-2068-4D2C-B695-F17C49CA6EAD}.Ad-Hoc|ARM.Deploy.0 = Debug|Any CPU
		{FA91955C-2068-4D2C-B695-F17C49CA6EAD}.Ad-Hoc|iPhone.ActiveCfg = Debug|Any CPU
		{FA91955C-2068-4D2C-B695-F17C49CA6EAD}.Ad-Hoc|iPhone.Build.0 = Debug|Any CPU
		{FA91955C-2068-4D2C-B695-F17C49CA6EAD}.Ad-Hoc|iPhone.Deploy.0 = Debug|Any CPU
		{FA91955C-2068-4D2C-B695-F17C49CA6EAD}.Ad-Hoc|iPhoneSimulator.ActiveCfg = Debug|Any CPU
		{FA91955C-2068-4D2C-B695-F17C49CA6EAD}.Ad-Hoc|iPhoneSimulator.Build.0 = Debug|Any CPU
		{FA91955C-2068-4D2C-B695-F17C49CA6EAD}.Ad-Hoc|iPhoneSimulator.Deploy.0 = Debug|Any CPU
		{FA91955C-2068-4D2C-B695-F17C49CA6EAD}.Ad-Hoc|x64.ActiveCfg = Debug|Any CPU
		{FA91955C-2068-4D2C-B695-F17C49CA6EAD}.Ad-Hoc|x64.Build.0 = Debug|Any CPU
		{FA91955C-2068-4D2C-B695-F17C49CA6EAD}.Ad-Hoc|x64.Deploy.0 = Debug|Any CPU
		{FA91955C-2068-4D2C-B695-F17C49CA6EAD}.Ad-Hoc|x86.ActiveCfg = Debug|Any CPU
		{FA91955C-2068-4D2C-B695-F17C49CA6EAD}.Ad-Hoc|x86.Build.0 = Debug|Any CPU
		{FA91955C-2068-4D2C-B695-F17C49CA6EAD}.Ad-Hoc|x86.Deploy.0 = Debug|Any CPU
		{FA91955C-2068-4D2C-B695-F17C49CA6EAD}.AppStore|Any CPU.ActiveCfg = Debug|Any CPU
		{FA91955C-2068-4D2C-B695-F17C49CA6EAD}.AppStore|Any CPU.Build.0 = Debug|Any CPU
		{FA91955C-2068-4D2C-B695-F17C49CA6EAD}.AppStore|Any CPU.Deploy.0 = Debug|Any CPU
		{FA91955C-2068-4D2C-B695-F17C49CA6EAD}.AppStore|ARM.ActiveCfg = Debug|Any CPU
		{FA91955C-2068-4D2C-B695-F17C49CA6EAD}.AppStore|ARM.Build.0 = Debug|Any CPU
		{FA91955C-2068-4D2C-B695-F17C49CA6EAD}.AppStore|ARM.Deploy.0 = Debug|Any CPU
		{FA91955C-2068-4D2C-B695-F17C49CA6EAD}.AppStore|iPhone.ActiveCfg = Debug|Any CPU
		{FA91955C-2068-4D2C-B695-F17C49CA6EAD}.AppStore|iPhone.Build.0 = Debug|Any CPU
		{FA91955C-2068-4D2C-B695-F17C49CA6EAD}.AppStore|iPhone.Deploy.0 = Debug|Any CPU
		{FA91955C-2068-4D2C-B695-F17C49CA6EAD}.AppStore|iPhoneSimulator.ActiveCfg = Debug|Any CPU
		{FA91955C-2068-4D2C-B695-F17C49CA6EAD}.AppStore|iPhoneSimulator.Build.0 = Debug|Any CPU
		{FA91955C-2068-4D2C-B695-F17C49CA6EAD}.AppStore|iPhoneSimulator.Deploy.0 = Debug|Any CPU
		{FA91955C-2068-4D2C-B695-F17C49CA6EAD}.AppStore|x64.ActiveCfg = Debug|Any CPU
		{FA91955C-2068-4D2C-B695-F17C49CA6EAD}.AppStore|x64.Build.0 = Debug|Any CPU
		{FA91955C-2068-4D2C-B695-F17C49CA6EAD}.AppStore|x64.Deploy.0 = Debug|Any CPU
		{FA91955C-2068-4D2C-B695-F17C49CA6EAD}.AppStore|x86.ActiveCfg = Debug|Any CPU
		{FA91955C-2068-4D2C-B695-F17C49CA6EAD}.AppStore|x86.Build.0 = Debug|Any CPU
		{FA91955C-2068-4D2C-B695-F17C49CA6EAD}.AppStore|x86.Deploy.0 = Debug|Any CPU
		{FA91955C-2068-4D2C-B695-F17C49CA6EAD}.Debug|Any CPU.ActiveCfg = Debug|Any CPU
		{FA91955C-2068-4D2C-B695-F17C49CA6EAD}.Debug|Any CPU.Build.0 = Debug|Any CPU
		{FA91955C-2068-4D2C-B695-F17C49CA6EAD}.Debug|Any CPU.Deploy.0 = Debug|Any CPU
		{FA91955C-2068-4D2C-B695-F17C49CA6EAD}.Debug|ARM.ActiveCfg = Debug|Any CPU
		{FA91955C-2068-4D2C-B695-F17C49CA6EAD}.Debug|ARM.Build.0 = Debug|Any CPU
		{FA91955C-2068-4D2C-B695-F17C49CA6EAD}.Debug|ARM.Deploy.0 = Debug|Any CPU
		{FA91955C-2068-4D2C-B695-F17C49CA6EAD}.Debug|iPhone.ActiveCfg = Debug|Any CPU
		{FA91955C-2068-4D2C-B695-F17C49CA6EAD}.Debug|iPhone.Build.0 = Debug|Any CPU
		{FA91955C-2068-4D2C-B695-F17C49CA6EAD}.Debug|iPhone.Deploy.0 = Debug|Any CPU
		{FA91955C-2068-4D2C-B695-F17C49CA6EAD}.Debug|iPhoneSimulator.ActiveCfg = Debug|Any CPU
		{FA91955C-2068-4D2C-B695-F17C49CA6EAD}.Debug|iPhoneSimulator.Build.0 = Debug|Any CPU
		{FA91955C-2068-4D2C-B695-F17C49CA6EAD}.Debug|iPhoneSimulator.Deploy.0 = Debug|Any CPU
		{FA91955C-2068-4D2C-B695-F17C49CA6EAD}.Debug|x64.ActiveCfg = Debug|Any CPU
		{FA91955C-2068-4D2C-B695-F17C49CA6EAD}.Debug|x64.Build.0 = Debug|Any CPU
		{FA91955C-2068-4D2C-B695-F17C49CA6EAD}.Debug|x64.Deploy.0 = Debug|Any CPU
		{FA91955C-2068-4D2C-B695-F17C49CA6EAD}.Debug|x86.ActiveCfg = Debug|Any CPU
		{FA91955C-2068-4D2C-B695-F17C49CA6EAD}.Debug|x86.Build.0 = Debug|Any CPU
		{FA91955C-2068-4D2C-B695-F17C49CA6EAD}.Debug|x86.Deploy.0 = Debug|Any CPU
		{FA91955C-2068-4D2C-B695-F17C49CA6EAD}.Release|Any CPU.ActiveCfg = Release|Any CPU
		{FA91955C-2068-4D2C-B695-F17C49CA6EAD}.Release|Any CPU.Build.0 = Release|Any CPU
		{FA91955C-2068-4D2C-B695-F17C49CA6EAD}.Release|Any CPU.Deploy.0 = Release|Any CPU
		{FA91955C-2068-4D2C-B695-F17C49CA6EAD}.Release|ARM.ActiveCfg = Release|Any CPU
		{FA91955C-2068-4D2C-B695-F17C49CA6EAD}.Release|ARM.Build.0 = Release|Any CPU
		{FA91955C-2068-4D2C-B695-F17C49CA6EAD}.Release|ARM.Deploy.0 = Release|Any CPU
		{FA91955C-2068-4D2C-B695-F17C49CA6EAD}.Release|iPhone.ActiveCfg = Release|Any CPU
		{FA91955C-2068-4D2C-B695-F17C49CA6EAD}.Release|iPhone.Build.0 = Release|Any CPU
		{FA91955C-2068-4D2C-B695-F17C49CA6EAD}.Release|iPhone.Deploy.0 = Release|Any CPU
		{FA91955C-2068-4D2C-B695-F17C49CA6EAD}.Release|iPhoneSimulator.ActiveCfg = Release|Any CPU
		{FA91955C-2068-4D2C-B695-F17C49CA6EAD}.Release|iPhoneSimulator.Build.0 = Release|Any CPU
		{FA91955C-2068-4D2C-B695-F17C49CA6EAD}.Release|iPhoneSimulator.Deploy.0 = Release|Any CPU
		{FA91955C-2068-4D2C-B695-F17C49CA6EAD}.Release|x64.ActiveCfg = Release|Any CPU
		{FA91955C-2068-4D2C-B695-F17C49CA6EAD}.Release|x64.Build.0 = Release|Any CPU
		{FA91955C-2068-4D2C-B695-F17C49CA6EAD}.Release|x64.Deploy.0 = Release|Any CPU
		{FA91955C-2068-4D2C-B695-F17C49CA6EAD}.Release|x86.ActiveCfg = Release|Any CPU
		{FA91955C-2068-4D2C-B695-F17C49CA6EAD}.Release|x86.Build.0 = Release|Any CPU
		{FA91955C-2068-4D2C-B695-F17C49CA6EAD}.Release|x86.Deploy.0 = Release|Any CPU
	EndGlobalSection
	GlobalSection(SolutionProperties) = preSolution
		HideSolutionNode = FALSE
	EndGlobalSection
	GlobalSection(ExtensibilityGlobals) = postSolution
		SolutionGuid = {DA5367EB-0181-43C2-B8E3-801E9B3430A3}
	EndGlobalSection
EndGlobal
